
Microsoft Visual Studio Solution File, Format Version 12.00
# Visual Studio Version 16
VisualStudioVersion = 16.0.29209.62
MinimumVisualStudioVersion = 10.0.40219.1
Project("{8BC9CEB8-8B4A-11D0-8D11-00A0C91BC942}") = "LabOS", "LabOS\LabOS.vcxproj", "{596B85CD-376C-4CB6-BC3A-C671BE732F3A}"
EndProject
Global
	GlobalSection(SolutionConfigurationPlatforms) = preSolution
		Debug|x64 = Debug|x64
		Debug|x86 = Debug|x86
		Release|x64 = Release|x64
		Release|x86 = Release|x86
	EndGlobalSection
	GlobalSection(ProjectConfigurationPlatforms) = postSolution
		{596B85CD-376C-4CB6-BC3A-C671BE732F3A}.Debug|x64.ActiveCfg = Debug|x64
		{596B85CD-376C-4CB6-BC3A-C671BE732F3A}.Debug|x64.Build.0 = Debug|x64
		{596B85CD-376C-4CB6-BC3A-C671BE732F3A}.Debug|x86.ActiveCfg = Debug|Win32
		{596B85CD-376C-4CB6-BC3A-C671BE732F3A}.Debug|x86.Build.0 = Debug|Win32
		{596B85CD-376C-4CB6-BC3A-C671BE732F3A}.Release|x64.ActiveCfg = Release|x64
		{596B85CD-376C-4CB6-BC3A-C671BE732F3A}.Release|x64.Build.0 = Release|x64
		{596B85CD-376C-4CB6-BC3A-C671BE732F3A}.Release|x86.ActiveCfg = Release|Win32
		{596B85CD-376C-4CB6-BC3A-C671BE732F3A}.Release|x86.Build.0 = Release|Win32
	EndGlobalSection
	GlobalSection(SolutionProperties) = preSolution
		HideSolutionNode = FALSE
	EndGlobalSection
	GlobalSection(ExtensibilityGlobals) = postSolution
		SolutionGuid = {132F39E4-2018-4C3D-89B6-2AF5A126D9EA}
	EndGlobalSection
EndGlobal
